
Microsoft Visual Studio Solution File, Format Version 12.00
# Visual Studio Version 17
VisualStudioVersion = 17.14.36221.1 d17.14
MinimumVisualStudioVersion = 10.0.40219.1
Project("{8BC9CEB8-8B4A-11D0-8D11-00A0C91BC942}") = "ssptest", "ssptest\ssptest.vcxproj", "{5CBA3624-A67F-4252-90EF-4A5D7725A410}"
EndProject
Global
	GlobalSection(SolutionConfigurationPlatforms) = preSolution
		Debug|x64 = Debug|x64
		Debug|x86 = Debug|x86
		Release|x64 = Release|x64
		Release|x86 = Release|x86
	EndGlobalSection
	GlobalSection(ProjectConfigurationPlatforms) = postSolution
		{5CBA3624-A67F-4252-90EF-4A5D7725A410}.Debug|x64.ActiveCfg = Debug|x64
		{5CBA3624-A67F-4252-90EF-4A5D7725A410}.Debug|x64.Build.0 = Debug|x64
		{5CBA3624-A67F-4252-90EF-4A5D7725A410}.Debug|x86.ActiveCfg = Debug|Win32
		{5CBA3624-A67F-4252-90EF-4A5D7725A410}.Debug|x86.Build.0 = Debug|Win32
		{5CBA3624-A67F-4252-90EF-4A5D7725A410}.Release|x64.ActiveCfg = Release|x64
		{5CBA3624-A67F-4252-90EF-4A5D7725A410}.Release|x64.Build.0 = Release|x64
		{5CBA3624-A67F-4252-90EF-4A5D7725A410}.Release|x86.ActiveCfg = Release|Win32
		{5CBA3624-A67F-4252-90EF-4A5D7725A410}.Release|x86.Build.0 = Release|Win32
	EndGlobalSection
	GlobalSection(SolutionProperties) = preSolution
		HideSolutionNode = FALSE
	EndGlobalSection
	GlobalSection(ExtensibilityGlobals) = postSolution
		SolutionGuid = {E8C18D94-4255-4A87-BAA1-4CB2B58CE85A}
	EndGlobalSection
EndGlobal
